<?xml version="1.0" encoding="utf-8"?>
<Project ToolsVersion="4.0" xmlns="http://schemas.microsoft.com/developer/msbuild/2003">
  <ItemGroup>
    <Filter Include="소스 파일">
      <UniqueIdentifier>{4FC737F1-C7A5-4376-A066-2A32D752A2FF}</UniqueIdentifier>
      <Extensions>cpp;c;cc;cxx;c++;cppm;ixx;def;odl;idl;hpj;bat;asm;asmx</Extensions>
    </Filter>
    <Filter Include="헤더 파일">
      <UniqueIdentifier>{93995380-89BD-4b04-88EB-625FBE52EBFB}</UniqueIdentifier>
      <Extensions>h;hh;hpp;hxx;h++;hm;inl;inc;ipp;xsd</Extensions>
    </Filter>
    <Filter Include="리소스 파일">
      <UniqueIdentifier>{67DA6AB6-F800-4c08-8B7A-83BB121AAD01}</UniqueIdentifier>
      <Extensions>rc;ico;cur;bmp;dlg;rc2;rct;bin;rgs;gif;jpg;jpeg;jpe;resx;tiff;tif;png;wav;mfcribbon-ms</Extensions>
    </Filter>
  </ItemGroup>
  <ItemGroup>
    <Text Include="Input\OnlineStreamer.txt" />
    <Text Include="Input\화물운송.txt" />
    <Text Include="Input\주가변동.txt" />
    <Text Include="Challenge\sample_input.txt" />
  </ItemGroup>
  <ItemGroup>
    <ClCompile Include="Problem\OnlineStreamer.cpp">
      <Filter>소스 파일</Filter>
    </ClCompile>
    <ClCompile Include="Review\OnlineStreamer_review.cpp">
      <Filter>소스 파일</Filter>
    </ClCompile>
    <ClCompile Include="Challenge\main.cpp">
      <Filter>소스 파일</Filter>
    </ClCompile>
    <ClCompile Include="Challenge\user.cpp">
      <Filter>소스 파일</Filter>
    </ClCompile>
    <ClCompile Include="Problem\화물운송.cpp">
      <Filter>소스 파일</Filter>
    </ClCompile>
    <ClCompile Include="Review\화물운송_review.cpp">
      <Filter>소스 파일</Filter>
    </ClCompile>
    <ClCompile Include="Review\주가변동_review.cpp">
      <Filter>소스 파일</Filter>
    </ClCompile>
    <ClCompile Include="Problem\주가변동.cpp">
      <Filter>소스 파일</Filter>
    </ClCompile>
    <ClCompile Include="Algorithm\SegmentTree.cpp">
      <Filter>소스 파일</Filter>
    </ClCompile>
  </ItemGroup>
</Project>