
Microsoft Visual Studio Solution File, Format Version 12.00
# Visual Studio Version 17
VisualStudioVersion = 17.4.33205.214
MinimumVisualStudioVersion = 10.0.40219.1
Project("{2150E333-8FDC-42A3-9474-1A3956D46DE8}") = "Professional", "Professional", "{A818B7E5-BE93-486A-80AA-F92B15A5A788}"
EndProject
Project("{8BC9CEB8-8B4A-11D0-8D11-00A0C91BC942}") = "Professional", "Professional\Professional.vcxproj", "{00B11CF5-49A3-470F-82BA-B2F9718BA682}"
EndProject
Global
	GlobalSection(SolutionConfigurationPlatforms) = preSolution
		Debug|x64 = Debug|x64
		Debug|x86 = Debug|x86
		Release|x64 = Release|x64
		Release|x86 = Release|x86
	EndGlobalSection
	GlobalSection(ProjectConfigurationPlatforms) = postSolution
		{00B11CF5-49A3-470F-82BA-B2F9718BA682}.Debug|x64.ActiveCfg = Debug|x64
		{00B11CF5-49A3-470F-82BA-B2F9718BA682}.Debug|x64.Build.0 = Debug|x64
		{00B11CF5-49A3-470F-82BA-B2F9718BA682}.Debug|x86.ActiveCfg = Debug|Win32
		{00B11CF5-49A3-470F-82BA-B2F9718BA682}.Debug|x86.Build.0 = Debug|Win32
		{00B11CF5-49A3-470F-82BA-B2F9718BA682}.Release|x64.ActiveCfg = Release|x64
		{00B11CF5-49A3-470F-82BA-B2F9718BA682}.Release|x64.Build.0 = Release|x64
		{00B11CF5-49A3-470F-82BA-B2F9718BA682}.Release|x86.ActiveCfg = Release|Win32
		{00B11CF5-49A3-470F-82BA-B2F9718BA682}.Release|x86.Build.0 = Release|Win32
	EndGlobalSection
	GlobalSection(SolutionProperties) = preSolution
		HideSolutionNode = FALSE
	EndGlobalSection
	GlobalSection(NestedProjects) = preSolution
		{00B11CF5-49A3-470F-82BA-B2F9718BA682} = {A818B7E5-BE93-486A-80AA-F92B15A5A788}
	EndGlobalSection
	GlobalSection(ExtensibilityGlobals) = postSolution
		SolutionGuid = {AABAD4ED-2486-49C4-B0EA-912754BA8E72}
	EndGlobalSection
EndGlobal
